
Microsoft Visual Studio Solution File, Format Version 12.00
# Visual Studio Version 17
VisualStudioVersion = 17.11.35312.102
MinimumVisualStudioVersion = 10.0.40219.1
Project("{FAE04EC0-301F-11D3-BF4B-00C04F79EFBC}") = "Common", "Common.csproj", "{ACF9978D-F14D-4965-9A3C-1A3E791A2BDA}"
EndProject
Global
	GlobalSection(SolutionConfigurationPlatforms) = preSolution
		Debug|Any CPU = Debug|Any CPU
		Release|Any CPU = Release|Any CPU
	EndGlobalSection
	GlobalSection(ProjectConfigurationPlatforms) = postSolution
		{ACF9978D-F14D-4965-9A3C-1A3E791A2BDA}.Debug|Any CPU.ActiveCfg = Debug|Any CPU
		{ACF9978D-F14D-4965-9A3C-1A3E791A2BDA}.Debug|Any CPU.Build.0 = Debug|Any CPU
		{ACF9978D-F14D-4965-9A3C-1A3E791A2BDA}.Release|Any CPU.ActiveCfg = Release|Any CPU
		{ACF9978D-F14D-4965-9A3C-1A3E791A2BDA}.Release|Any CPU.Build.0 = Release|Any CPU
	EndGlobalSection
	GlobalSection(SolutionProperties) = preSolution
		HideSolutionNode = FALSE
	EndGlobalSection
	GlobalSection(ExtensibilityGlobals) = postSolution
		SolutionGuid = {20CE6B92-BC82-4443-AD34-4566E77DF863}
	EndGlobalSection
EndGlobal
